
Microsoft Visual Studio Solution File, Format Version 12.00
# Visual Studio Version 17
VisualStudioVersion = 17.0.31717.71
MinimumVisualStudioVersion = 10.0.40219.1
Project("{FAE04EC0-301F-11D3-BF4B-00C04F79EFBC}") = "VSIXProject2", "VSIXProject2\VSIXProject2.csproj", "{DEFB164D-90AE-4CD1-AE6C-82B29706DB7B}"
EndProject
Global
	GlobalSection(SolutionConfigurationPlatforms) = preSolution
		Debug|Any CPU = Debug|Any CPU
		Debug|x86 = Debug|x86
		Release|Any CPU = Release|Any CPU
		Release|x86 = Release|x86
	EndGlobalSection
	GlobalSection(ProjectConfigurationPlatforms) = postSolution
		{DEFB164D-90AE-4CD1-AE6C-82B29706DB7B}.Debug|Any CPU.ActiveCfg = Debug|Any CPU
		{DEFB164D-90AE-4CD1-AE6C-82B29706DB7B}.Debug|Any CPU.Build.0 = Debug|Any CPU
		{DEFB164D-90AE-4CD1-AE6C-82B29706DB7B}.Debug|x86.ActiveCfg = Debug|x86
		{DEFB164D-90AE-4CD1-AE6C-82B29706DB7B}.Debug|x86.Build.0 = Debug|x86
		{DEFB164D-90AE-4CD1-AE6C-82B29706DB7B}.Release|Any CPU.ActiveCfg = Release|Any CPU
		{DEFB164D-90AE-4CD1-AE6C-82B29706DB7B}.Release|Any CPU.Build.0 = Release|Any CPU
		{DEFB164D-90AE-4CD1-AE6C-82B29706DB7B}.Release|x86.ActiveCfg = Release|x86
		{DEFB164D-90AE-4CD1-AE6C-82B29706DB7B}.Release|x86.Build.0 = Release|x86
	EndGlobalSection
	GlobalSection(SolutionProperties) = preSolution
		HideSolutionNode = FALSE
	EndGlobalSection
	GlobalSection(ExtensibilityGlobals) = postSolution
		SolutionGuid = {9AC1EF98-5073-42F0-8D9A-91A2ADF7ADE0}
	EndGlobalSection
EndGlobal
